{
  "requires": true,
  "lockfileVersion": 1,
  "dependencies": {
    "@datastructures-js/heap": {
      "version": "4.1.0",
      "resolved": "https://registry.npmjs.org/@datastructures-js/heap/-/heap-4.1.0.tgz",
      "integrity": "sha512-PFKWpDhd1BEdKw2FErddES8bLT6R2/FiivT42eByshG+9vNUpsGuOr7tsKcqRo1S3XyfBnQT711HVQt2k6xRQw=="
    },
    "@datastructures-js/priority-queue": {
      "version": "6.1.1",
      "resolved": "https://registry.npmjs.org/@datastructures-js/priority-queue/-/priority-queue-6.1.1.tgz",
      "integrity": "sha512-wKhIstYPW5bEbe8lzHLllktnrzw1P5KR0Rc5lZZTVMDjt6O4b8KxGxIvgs9txdtWdkVKFoiP2SbhxHArx2EYBA==",
      "requires": {
        "@datastructures-js/heap": "^4.0.2"
      }
    }
  }
}
